// !$*UTF8*$!
{
	archiveVersion = 1;
	classes = {
	};
	objectVersion = 46;
	objects = {

/* Begin PBXBuildFile section */
		CB8113181A2EB47400ED4456 /* AppDelegate.swift in Sources */ = {isa = PBXBuildFile; fileRef = CB8113171A2EB47400ED4456 /* AppDelegate.swift */; };
		CB81131A1A2EB47400ED4456 /* ViewController.swift in Sources */ = {isa = PBXBuildFile; fileRef = CB8113191A2EB47400ED4456 /* ViewController.swift */; };
		CB81131D1A2EB47400ED4456 /* Main.storyboard in Resources */ = {isa = PBXBuildFile; fileRef = CB81131B1A2EB47400ED4456 /* Main.storyboard */; };
		CB81131F1A2EB47400ED4456 /* Images.xcassets in Resources */ = {isa = PBXBuildFile; fileRef = CB81131E1A2EB47400ED4456 /* Images.xcassets */; };
		CB8113221A2EB47400ED4456 /* LaunchScreen.xib in Resources */ = {isa = PBXBuildFile; fileRef = CB8113201A2EB47400ED4456 /* LaunchScreen.xib */; };
		CB81132E1A2EB47400ED4456 /* PostcartTests.swift in Sources */ = {isa = PBXBuildFile; fileRef = CB81132D1A2EB47400ED4456 /* PostcartTests.swift */; };
		CB8113381A2EBA3200ED4456 /* foto.JPG in Resources */ = {isa = PBXBuildFile; fileRef = CB8113371A2EBA3200ED4456 /* foto.JPG */; };
		CB81133A1A2EBEDE00ED4456 /* mail2.png in Resources */ = {isa = PBXBuildFile; fileRef = CB8113391A2EBEDE00ED4456 /* mail2.png */; };
		CB81133C1A2EC00100ED4456 /* img_216.jpg in Resources */ = {isa = PBXBuildFile; fileRef = CB81133B1A2EC00100ED4456 /* img_216.jpg */; };
/* End PBXBuildFile section */

/* Begin PBXContainerItemProxy section */
		CB8113281A2EB47400ED4456 /* PBXContainerItemProxy */ = {
			isa = PBXContainerItemProxy;
			containerPortal = CB81130A1A2EB47400ED4456 /* Project object */;
			proxyType = 1;
			remoteGlobalIDString = CB8113111A2EB47400ED4456;
			remoteInfo = Postcart;
		};
/* End PBXContainerItemProxy section */

/* Begin PBXFileReference section */
		CB8113121A2EB47400ED4456 /* Postcart.app */ = {isa = PBXFileReference; explicitFileType = wrapper.application; includeInIndex = 0; path = Postcart.app; sourceTree = BUILT_PRODUCTS_DIR; };
		CB8113161A2EB47400ED4456 /* Info.plist */ = {isa = PBXFileReference; lastKnownFileType = text.plist.xml; path = Info.plist; sourceTree = "<group>"; };
		CB8113171A2EB47400ED4456 /* AppDelegate.swift */ = {isa = PBXFileReference; lastKnownFileType = sourcecode.swift; path = AppDelegate.swift; sourceTree = "<group>"; };
		CB8113191A2EB47400ED4456 /* ViewController.swift */ = {isa = PBXFileReference; lastKnownFileType = sourcecode.swift; path = ViewController.swift; sourceTree = "<group>"; };
		CB81131C1A2EB47400ED4456 /* Base */ = {isa = PBXFileReference; lastKnownFileType = file.storyboard; name = Base; path = Base.lproj/Main.storyboard; sourceTree = "<group>"; };
		CB81131E1A2EB47400ED4456 /* Images.xcassets */ = {isa = PBXFileReference; lastKnownFileType = folder.assetcatalog; path = Images.xcassets; sourceTree = "<group>"; };
		CB8113211A2EB47400ED4456 /* Base */ = {isa = PBXFileReference; lastKnownFileType = file.xib; name = Base; path = Base.lproj/LaunchScreen.xib; sourceTree = "<group>"; };
		CB8113271A2EB47400ED4456 /* PostcartTests.xctest */ = {isa = PBXFileReference; explicitFileType = wrapper.cfbundle; includeInIndex = 0; path = PostcartTests.xctest; sourceTree = BUILT_PRODUCTS_DIR; };
		CB81132C1A2EB47400ED4456 /* Info.plist */ = {isa = PBXFileReference; lastKnownFileType = text.plist.xml; path = Info.plist; sourceTree = "<group>"; };
		CB81132D1A2EB47400ED4456 /* PostcartTests.swift */ = {isa = PBXFileReference; lastKnownFileType = sourcecode.swift; path = PostcartTests.swift; sourceTree = "<group>"; };
		CB8113371A2EBA3200ED4456 /* foto.JPG */ = {isa = PBXFileReference; lastKnownFileType = image.jpeg; path = foto.JPG; sourceTree = "<group>"; };
		CB8113391A2EBEDE00ED4456 /* mail2.png */ = {isa = PBXFileReference; lastKnownFileType = image.png; path = mail2.png; sourceTree = "<group>"; };
		CB81133B1A2EC00100ED4456 /* img_216.jpg */ = {isa = PBXFileReference; lastKnownFileType = image.jpeg; path = img_216.jpg; sourceTree = "<group>"; };
/* End PBXFileReference section */

/* Begin PBXFrameworksBuildPhase section */
		CB81130F1A2EB47400ED4456 /* Frameworks */ = {
			isa = PBXFrameworksBuildPhase;
			buildActionMask = 2147483647;
			files = (
			);
			runOnlyForDeploymentPostprocessing = 0;
		};
		CB8113241A2EB47400ED4456 /* Frameworks */ = {
			isa = PBXFrameworksBuildPhase;
			buildActionMask = 2147483647;
			files = (
			);
			runOnlyForDeploymentPostprocessing = 0;
		};
/* End PBXFrameworksBuildPhase section */

/* Begin PBXGroup section */
		CB8113091A2EB47400ED4456 = {
			isa = PBXGroup;
			children = (
				CB8113141A2EB47400ED4456 /* Postcart */,
				CB81132A1A2EB47400ED4456 /* PostcartTests */,
				CB8113131A2EB47400ED4456 /* Products */,
			);
			sourceTree = "<group>";
		};
		CB8113131A2EB47400ED4456 /* Products */ = {
			isa = PBXGroup;
			children = (
				CB8113121A2EB47400ED4456 /* Postcart.app */,
				CB8113271A2EB47400ED4456 /* PostcartTests.xctest */,
			);
			name = Products;
			sourceTree = "<group>";
		};
		CB8113141A2EB47400ED4456 /* Postcart */ = {
			isa = PBXGroup;
			children = (
				CB8113171A2EB47400ED4456 /* AppDelegate.swift */,
				CB8113191A2EB47400ED4456 /* ViewController.swift */,
				CB81131B1A2EB47400ED4456 /* Main.storyboard */,
				CB81131E1A2EB47400ED4456 /* Images.xcassets */,
				CB8113201A2EB47400ED4456 /* LaunchScreen.xib */,
				CB8113151A2EB47400ED4456 /* Supporting Files */,
			);
			path = Postcart;
			sourceTree = "<group>";
		};
		CB8113151A2EB47400ED4456 /* Supporting Files */ = {
			isa = PBXGroup;
			children = (
				CB81133B1A2EC00100ED4456 /* img_216.jpg */,
				CB8113391A2EBEDE00ED4456 /* mail2.png */,
				CB8113371A2EBA3200ED4456 /* foto.JPG */,
				CB8113161A2EB47400ED4456 /* Info.plist */,
			);
			name = "Supporting Files";
			sourceTree = "<group>";
		};
		CB81132A1A2EB47400ED4456 /* PostcartTests */ = {
			isa = PBXGroup;
			children = (
				CB81132D1A2EB47400ED4456 /* PostcartTests.swift */,
				CB81132B1A2EB47400ED4456 /* Supporting Files */,
			);
			path = PostcartTests;
			sourceTree = "<group>";
		};
		CB81132B1A2EB47400ED4456 /* Supporting Files */ = {
			isa = PBXGroup;
			children = (
				CB81132C1A2EB47400ED4456 /* Info.plist */,
			);
			name = "Supporting Files";
			sourceTree = "<group>";
		};
/* End PBXGroup section */

/* Begin PBXNativeTarget section */
		CB8113111A2EB47400ED4456 /* Postcart */ = {
			isa = PBXNativeTarget;
			buildConfigurationList = CB8113311A2EB47400ED4456 /* Build configuration list for PBXNativeTarget "Postcart" */;
			buildPhases = (
				CB81130E1A2EB47400ED4456 /* Sources */,
				CB81130F1A2EB47400ED4456 /* Frameworks */,
				CB8113101A2EB47400ED4456 /* Resources */,
			);
			buildRules = (
			);
			dependencies = (
			);
			name = Postcart;
			productName = Postcart;
			productReference = CB8113121A2EB47400ED4456 /* Postcart.app */;
			productType = "com.apple.product-type.application";
		};
		CB8113261A2EB47400ED4456 /* PostcartTests */ = {
			isa = PBXNativeTarget;
			buildConfigurationList = CB8113341A2EB47400ED4456 /* Build configuration list for PBXNativeTarget "PostcartTests" */;
			buildPhases = (
				CB8113231A2EB47400ED4456 /* Sources */,
				CB8113241A2EB47400ED4456 /* Frameworks */,
				CB8113251A2EB47400ED4456 /* Resources */,
			);
			buildRules = (
			);
			dependencies = (
				CB8113291A2EB47400ED4456 /* PBXTargetDependency */,
			);
			name = PostcartTests;
			productName = PostcartTests;
			productReference = CB8113271A2EB47400ED4456 /* PostcartTests.xctest */;
			productType = "com.apple.product-type.bundle.unit-test";
		};
/* End PBXNativeTarget section */

/* Begin PBXProject section */
		CB81130A1A2EB47400ED4456 /* Project object */ = {
			isa = PBXProject;
			attributes = {
				LastUpgradeCheck = 0610;
				ORGANIZATIONNAME = Dusvaan;
				TargetAttributes = {
					CB8113111A2EB47400ED4456 = {
						CreatedOnToolsVersion = 6.1;
					};
					CB8113261A2EB47400ED4456 = {
						CreatedOnToolsVersion = 6.1;
						TestTargetID = CB8113111A2EB47400ED4456;
					};
				};
			};
			buildConfigurationList = CB81130D1A2EB47400ED4456 /* Build configuration list for PBXProject "Postcart" */;
			compatibilityVersion = "Xcode 3.2";
			developmentRegion = English;
			hasScannedForEncodings = 0;
			knownRegions = (
				en,
				Base,
			);
			mainGroup = CB8113091A2EB47400ED4456;
			productRefGroup = CB8113131A2EB47400ED4456 /* Products */;
			projectDirPath = "";
			projectRoot = "";
			targets = (
				CB8113111A2EB47400ED4456 /* Postcart */,
				CB8113261A2EB47400ED4456 /* PostcartTests */,
			);
		};
/* End PBXProject section */

/* Begin PBXResourcesBuildPhase section */
		CB8113101A2EB47400ED4456 /* Resources */ = {
			isa = PBXResourcesBuildPhase;
			buildActionMask = 2147483647;
			files = (
				CB81131D1A2EB47400ED4456 /* Main.storyboard in Resources */,
				CB8113221A2EB47400ED4456 /* LaunchScreen.xib in Resources */,
				CB81131F1A2EB47400ED4456 /* Images.xcassets in Resources */,
				CB81133C1A2EC00100ED4456 /* img_216.jpg in Resources */,
				CB8113381A2EBA3200ED4456 /* foto.JPG in Resources */,
				CB81133A1A2EBEDE00ED4456 /* mail2.png in Resources */,
			);
			runOnlyForDeploymentPostprocessing = 0;
		};
		CB8113251A2EB47400ED4456 /* Resources */ = {
			isa = PBXResourcesBuildPhase;
			buildActionMask = 2147483647;
			files = (
			);
			runOnlyForDeploymentPostprocessing = 0;
		};
/* End PBXResourcesBuildPhase section */

/* Begin PBXSourcesBuildPhase section */
		CB81130E1A2EB47400ED4456 /* Sources */ = {
			isa = PBXSourcesBuildPhase;
			buildActionMask = 2147483647;
			files = (
				CB81131A1A2EB47400ED4456 /* ViewController.swift in Sources */,
				CB8113181A2EB47400ED4456 /* AppDelegate.swift in Sources */,
			);
			runOnlyForDeploymentPostprocessing = 0;
		};
		CB8113231A2EB47400ED4456 /* Sources */ = {
			isa = PBXSourcesBuildPhase;
			buildActionMask = 2147483647;
			files = (
				CB81132E1A2EB47400ED4456 /* PostcartTests.swift in Sources */,
			);
			runOnlyForDeploymentPostprocessing = 0;
		};
/* End PBXSourcesBuildPhase section */

/* Begin PBXTargetDependency section */
		CB8113291A2EB47400ED4456 /* PBXTargetDependency */ = {
			isa = PBXTargetDependency;
			target = CB8113111A2EB47400ED4456 /* Postcart */;
			targetProxy = CB8113281A2EB47400ED4456 /* PBXContainerItemProxy */;
		};
/* End PBXTargetDependency section */

/* Begin PBXVariantGroup section */
		CB81131B1A2EB47400ED4456 /* Main.storyboard */ = {
			isa = PBXVariantGroup;
			children = (
				CB81131C1A2EB47400ED4456 /* Base */,
			);
			name = Main.storyboard;
			sourceTree = "<group>";
		};
		CB8113201A2EB47400ED4456 /* LaunchScreen.xib */ = {
			isa = PBXVariantGroup;
			children = (
				CB8113211A2EB47400ED4456 /* Base */,
			);
			name = LaunchScreen.xib;
			sourceTree = "<group>";
		};
/* End PBXVariantGroup section */

/* Begin XCBuildConfiguration section */
		CB81132F1A2EB47400ED4456 /* Debug */ = {
			isa = XCBuildConfiguration;
			buildSettings = {
				ALWAYS_SEARCH_USER_PATHS = NO;
				CLANG_CXX_LANGUAGE_STANDARD = "gnu++0x";
				CLANG_CXX_LIBRARY = "libc++";
				CLANG_ENABLE_MODULES = YES;
				CLANG_ENABLE_OBJC_ARC = YES;
				CLANG_WARN_BOOL_CONVERSION = YES;
				CLANG_WARN_CONSTANT_CONVERSION = YES;
				CLANG_WARN_DIRECT_OBJC_ISA_USAGE = YES_ERROR;
				CLANG_WARN_EMPTY_BODY = YES;
				CLANG_WARN_ENUM_CONVERSION = YES;
				CLANG_WARN_INT_CONVERSION = YES;
				CLANG_WARN_OBJC_ROOT_CLASS = YES_ERROR;
				CLANG_WARN_UNREACHABLE_CODE = YES;
				CLANG_WARN__DUPLICATE_METHOD_MATCH = YES;
				"CODE_SIGN_IDENTITY[sdk=iphoneos*]" = "iPhone Developer";
				COPY_PHASE_STRIP = NO;
				ENABLE_STRICT_OBJC_MSGSEND = YES;
				GCC_C_LANGUAGE_STANDARD = gnu99;
				GCC_DYNAMIC_NO_PIC = NO;
				GCC_OPTIMIZATION_LEVEL = 0;
				GCC_PREPROCESSOR_DEFINITIONS = (
					"DEBUG=1",
					"$(inherited)",
				);
				GCC_SYMBOLS_PRIVATE_EXTERN = NO;
				GCC_WARN_64_TO_32_BIT_CONVERSION = YES;
				GCC_WARN_ABOUT_RETURN_TYPE = YES_ERROR;
				GCC_WARN_UNDECLARED_SELECTOR = YES;
				GCC_WARN_UNINITIALIZED_AUTOS = YES_AGGRESSIVE;
				GCC_WARN_UNUSED_FUNCTION = YES;
				GCC_WARN_UNUSED_VARIABLE = YES;
				IPHONEOS_DEPLOYMENT_TARGET = 8.1;
				MTL_ENABLE_DEBUG_INFO = YES;
				ONLY_ACTIVE_ARCH = YES;
				SDKROOT = iphoneos;
				SWIFT_OPTIMIZATION_LEVEL = "-Onone";
				TARGETED_DEVICE_FAMILY = "1,2";
			};
			name = Debug;
		};
		CB8113301A2EB47400ED4456 /* Release */ = {
			isa = XCBuildConfiguration;
			buildSettings = {
				ALWAYS_SEARCH_USER_PATHS = NO;
				CLANG_CXX_LANGUAGE_STANDARD = "gnu++0x";
				CLANG_CXX_LIBRARY = "libc++";
				CLANG_ENABLE_MODULES = YES;
				CLANG_ENABLE_OBJC_ARC = YES;
				CLANG_WARN_BOOL_CONVERSION = YES;
				CLANG_WARN_CONSTANT_CONVERSION = YES;
				CLANG_WARN_DIRECT_OBJC_ISA_USAGE = YES_ERROR;
				CLANG_WARN_EMPTY_BODY = YES;
				CLANG_WARN_ENUM_CONVERSION = YES;
				CLANG_WARN_INT_CONVERSION = YES;
				CLANG_WARN_OBJC_ROOT_CLASS = YES_ERROR;
				CLANG_WARN_UNREACHABLE_CODE = YES;
				CLANG_WARN__DUPLICATE_METHOD_MATCH = YES;
				"CODE_SIGN_IDENTITY[sdk=iphoneos*]" = "iPhone Developer";
				COPY_PHASE_STRIP = YES;
				ENABLE_NS_ASSERTIONS = NO;
				ENABLE_STRICT_OBJC_MSGSEND = YES;
				GCC_C_LANGUAGE_STANDARD = gnu99;
				GCC_WARN_64_TO_32_BIT_CONVERSION = YES;
				GCC_WARN_ABOUT_RETURN_TYPE = YES_ERROR;
				GCC_WARN_UNDECLARED_SELECTOR = YES;
				GCC_WARN_UNINITIALIZED_AUTOS = YES_AGGRESSIVE;
				GCC_WARN_UNUSED_FUNCTION = YES;
				GCC_WARN_UNUSED_VARIABLE = YES;
				IPHONEOS_DEPLOYMENT_TARGET = 8.1;
				MTL_ENABLE_DEBUG_INFO = NO;
				SDKROOT = iphoneos;
				TARGETED_DEVICE_FAMILY = "1,2";
				VALIDATE_PRODUCT = YES;
			};
			name = Release;
		};
		CB8113321A2EB47400ED4456 /* Debug */ = {
			isa = XCBuildConfiguration;
			buildSettings = {
				ASSETCATALOG_COMPILER_APPICON_NAME = AppIcon;
				INFOPLIST_FILE = Postcart/Info.plist;
				LD_RUNPATH_SEARCH_PATHS = "$(inherited) @executable_path/Frameworks";
				PRODUCT_NAME = "$(TARGET_NAME)";
			};
			name = Debug;
		};
		CB8113331A2EB47400ED4456 /* Release */ = {
			isa = XCBuildConfiguration;
			buildSettings = {
				ASSETCATALOG_COMPILER_APPICON_NAME = AppIcon;
				INFOPLIST_FILE = Postcart/Info.plist;
				LD_RUNPATH_SEARCH_PATHS = "$(inherited) @executable_path/Frameworks";
				PRODUCT_NAME = "$(TARGET_NAME)";
			};
			name = Release;
		};
		CB8113351A2EB47400ED4456 /* Debug */ = {
			isa = XCBuildConfiguration;
			buildSettings = {
				BUNDLE_LOADER = "$(TEST_HOST)";
				FRAMEWORK_SEARCH_PATHS = (
					"$(SDKROOT)/Developer/Library/Frameworks",
					"$(inherited)",
				);
				GCC_PREPROCESSOR_DEFINITIONS = (
					"DEBUG=1",
					"$(inherited)",
				);
				INFOPLIST_FILE = PostcartTests/Info.plist;
				LD_RUNPATH_SEARCH_PATHS = "$(inherited) @executable_path/Frameworks @loader_path/Frameworks";
				PRODUCT_NAME = "$(TARGET_NAME)";
				TEST_HOST = "$(BUILT_PRODUCTS_DIR)/Postcart.app/Postcart";
			};
			name = Debug;
		};
		CB8113361A2EB47400ED4456 /* Release */ = {
			isa = XCBuildConfiguration;
			buildSettings = {
				BUNDLE_LOADER = "$(TEST_HOST)";
				FRAMEWORK_SEARCH_PATHS = (
					"$(SDKROOT)/Developer/Library/Frameworks",
					"$(inherited)",
				);
				INFOPLIST_FILE = PostcartTests/Info.plist;
				LD_RUNPATH_SEARCH_PATHS = "$(inherited) @executable_path/Frameworks @loader_path/Frameworks";
				PRODUCT_NAME = "$(TARGET_NAME)";
				TEST_HOST = "$(BUILT_PRODUCTS_DIR)/Postcart.app/Postcart";
			};
			name = Release;
		};
/* End XCBuildConfiguration section */

/* Begin XCConfigurationList section */
		CB81130D1A2EB47400ED4456 /* Build configuration list for PBXProject "Postcart" */ = {
			isa = XCConfigurationList;
			buildConfigurations = (
				CB81132F1A2EB47400ED4456 /* Debug */,
				CB8113301A2EB47400ED4456 /* Release */,
			);
			defaultConfigurationIsVisible = 0;
			defaultConfigurationName = Release;
		};
		CB8113311A2EB47400ED4456 /* Build configuration list for PBXNativeTarget "Postcart" */ = {
			isa = XCConfigurationList;
			buildConfigurations = (
				CB8113321A2EB47400ED4456 /* Debug */,
				CB8113331A2EB47400ED4456 /* Release */,
			);
			defaultConfigurationIsVisible = 0;
		};
		CB8113341A2EB47400ED4456 /* Build configuration list for PBXNativeTarget "PostcartTests" */ = {
			isa = XCConfigurationList;
			buildConfigurations = (
				CB8113351A2EB47400ED4456 /* Debug */,
				CB8113361A2EB47400ED4456 /* Release */,
			);
			defaultConfigurationIsVisible = 0;
		};
/* End XCConfigurationList section */
	};
	rootObject = CB81130A1A2EB47400ED4456 /* Project object */;
}
